
Microsoft Visual Studio Solution File, Format Version 12.00
# Visual Studio 15
VisualStudioVersion = 15.0.26124.0
MinimumVisualStudioVersion = 15.0.26124.0
Project("{FAE04EC0-301F-11D3-BF4B-00C04F79EFBC}") = "FixedSizeBuffers", "FixedSizeBuffers\FixedSizeBuffers.csproj", "{F161B9FA-B4A0-4824-84EE-4B26ACC305A3}"
EndProject
Project("{FAE04EC0-301F-11D3-BF4B-00C04F79EFBC}") = "FixedSizeBuffers.CodeGen", "FixedSizeBuffers.CodeGen\FixedSizeBuffers.CodeGen.csproj", "{BECE37CB-44F5-4D17-91DC-9AAC022AA77E}"
EndProject
Project("{FAE04EC0-301F-11D3-BF4B-00C04F79EFBC}") = "FixedSizeBuffers.Tests", "FixedSizeBuffers.Tests\FixedSizeBuffers.Tests.csproj", "{6AE38EA1-8456-4C47-BA02-9A1382B30DB2}"
EndProject
Project("{FAE04EC0-301F-11D3-BF4B-00C04F79EFBC}") = "FixedSizeBuffers.Docs", "FixedSizeBuffers.Docs\FixedSizeBuffers.Docs.proj", "{6EB58E7C-0C60-4B4C-B76F-37A3AEC88FD7}"
EndProject
Global
	GlobalSection(SolutionConfigurationPlatforms) = preSolution
		Debug|Any CPU = Debug|Any CPU
		Debug|x64 = Debug|x64
		Debug|x86 = Debug|x86
		Release|Any CPU = Release|Any CPU
		Release|x64 = Release|x64
		Release|x86 = Release|x86
	EndGlobalSection
	GlobalSection(SolutionProperties) = preSolution
		HideSolutionNode = FALSE
	EndGlobalSection
	GlobalSection(ProjectConfigurationPlatforms) = postSolution
		{F161B9FA-B4A0-4824-84EE-4B26ACC305A3}.Debug|Any CPU.ActiveCfg = Debug|Any CPU
		{F161B9FA-B4A0-4824-84EE-4B26ACC305A3}.Debug|Any CPU.Build.0 = Debug|Any CPU
		{F161B9FA-B4A0-4824-84EE-4B26ACC305A3}.Debug|x64.ActiveCfg = Debug|Any CPU
		{F161B9FA-B4A0-4824-84EE-4B26ACC305A3}.Debug|x64.Build.0 = Debug|Any CPU
		{F161B9FA-B4A0-4824-84EE-4B26ACC305A3}.Debug|x86.ActiveCfg = Debug|Any CPU
		{F161B9FA-B4A0-4824-84EE-4B26ACC305A3}.Debug|x86.Build.0 = Debug|Any CPU
		{F161B9FA-B4A0-4824-84EE-4B26ACC305A3}.Release|Any CPU.ActiveCfg = Release|Any CPU
		{F161B9FA-B4A0-4824-84EE-4B26ACC305A3}.Release|Any CPU.Build.0 = Release|Any CPU
		{F161B9FA-B4A0-4824-84EE-4B26ACC305A3}.Release|x64.ActiveCfg = Release|Any CPU
		{F161B9FA-B4A0-4824-84EE-4B26ACC305A3}.Release|x64.Build.0 = Release|Any CPU
		{F161B9FA-B4A0-4824-84EE-4B26ACC305A3}.Release|x86.ActiveCfg = Release|Any CPU
		{F161B9FA-B4A0-4824-84EE-4B26ACC305A3}.Release|x86.Build.0 = Release|Any CPU
		{BECE37CB-44F5-4D17-91DC-9AAC022AA77E}.Debug|Any CPU.ActiveCfg = Debug|Any CPU
		{BECE37CB-44F5-4D17-91DC-9AAC022AA77E}.Debug|Any CPU.Build.0 = Debug|Any CPU
		{BECE37CB-44F5-4D17-91DC-9AAC022AA77E}.Debug|x64.ActiveCfg = Debug|Any CPU
		{BECE37CB-44F5-4D17-91DC-9AAC022AA77E}.Debug|x64.Build.0 = Debug|Any CPU
		{BECE37CB-44F5-4D17-91DC-9AAC022AA77E}.Debug|x86.ActiveCfg = Debug|Any CPU
		{BECE37CB-44F5-4D17-91DC-9AAC022AA77E}.Debug|x86.Build.0 = Debug|Any CPU
		{BECE37CB-44F5-4D17-91DC-9AAC022AA77E}.Release|Any CPU.ActiveCfg = Release|Any CPU
		{BECE37CB-44F5-4D17-91DC-9AAC022AA77E}.Release|Any CPU.Build.0 = Release|Any CPU
		{BECE37CB-44F5-4D17-91DC-9AAC022AA77E}.Release|x64.ActiveCfg = Release|Any CPU
		{BECE37CB-44F5-4D17-91DC-9AAC022AA77E}.Release|x64.Build.0 = Release|Any CPU
		{BECE37CB-44F5-4D17-91DC-9AAC022AA77E}.Release|x86.ActiveCfg = Release|Any CPU
		{BECE37CB-44F5-4D17-91DC-9AAC022AA77E}.Release|x86.Build.0 = Release|Any CPU
		{6AE38EA1-8456-4C47-BA02-9A1382B30DB2}.Debug|Any CPU.ActiveCfg = Debug|Any CPU
		{6AE38EA1-8456-4C47-BA02-9A1382B30DB2}.Debug|Any CPU.Build.0 = Debug|Any CPU
		{6AE38EA1-8456-4C47-BA02-9A1382B30DB2}.Debug|x64.ActiveCfg = Debug|Any CPU
		{6AE38EA1-8456-4C47-BA02-9A1382B30DB2}.Debug|x64.Build.0 = Debug|Any CPU
		{6AE38EA1-8456-4C47-BA02-9A1382B30DB2}.Debug|x86.ActiveCfg = Debug|Any CPU
		{6AE38EA1-8456-4C47-BA02-9A1382B30DB2}.Debug|x86.Build.0 = Debug|Any CPU
		{6AE38EA1-8456-4C47-BA02-9A1382B30DB2}.Release|Any CPU.ActiveCfg = Release|Any CPU
		{6AE38EA1-8456-4C47-BA02-9A1382B30DB2}.Release|Any CPU.Build.0 = Release|Any CPU
		{6AE38EA1-8456-4C47-BA02-9A1382B30DB2}.Release|x64.ActiveCfg = Release|Any CPU
		{6AE38EA1-8456-4C47-BA02-9A1382B30DB2}.Release|x64.Build.0 = Release|Any CPU
		{6AE38EA1-8456-4C47-BA02-9A1382B30DB2}.Release|x86.ActiveCfg = Release|Any CPU
		{6AE38EA1-8456-4C47-BA02-9A1382B30DB2}.Release|x86.Build.0 = Release|Any CPU
		{6EB58E7C-0C60-4B4C-B76F-37A3AEC88FD7}.Debug|Any CPU.ActiveCfg = Debug|Any CPU
		{6EB58E7C-0C60-4B4C-B76F-37A3AEC88FD7}.Debug|Any CPU.Build.0 = Debug|Any CPU
		{6EB58E7C-0C60-4B4C-B76F-37A3AEC88FD7}.Debug|x64.ActiveCfg = Debug|Any CPU
		{6EB58E7C-0C60-4B4C-B76F-37A3AEC88FD7}.Debug|x64.Build.0 = Debug|Any CPU
		{6EB58E7C-0C60-4B4C-B76F-37A3AEC88FD7}.Debug|x86.ActiveCfg = Debug|Any CPU
		{6EB58E7C-0C60-4B4C-B76F-37A3AEC88FD7}.Debug|x86.Build.0 = Debug|Any CPU
		{6EB58E7C-0C60-4B4C-B76F-37A3AEC88FD7}.Release|Any CPU.ActiveCfg = Release|Any CPU
		{6EB58E7C-0C60-4B4C-B76F-37A3AEC88FD7}.Release|Any CPU.Build.0 = Release|Any CPU
		{6EB58E7C-0C60-4B4C-B76F-37A3AEC88FD7}.Release|x64.ActiveCfg = Release|Any CPU
		{6EB58E7C-0C60-4B4C-B76F-37A3AEC88FD7}.Release|x64.Build.0 = Release|Any CPU
		{6EB58E7C-0C60-4B4C-B76F-37A3AEC88FD7}.Release|x86.ActiveCfg = Release|Any CPU
		{6EB58E7C-0C60-4B4C-B76F-37A3AEC88FD7}.Release|x86.Build.0 = Release|Any CPU
	EndGlobalSection
EndGlobal
